
Microsoft Visual Studio Solution File, Format Version 12.00
# Visual Studio Version 16
VisualStudioVersion = 16.0.31702.278
MinimumVisualStudioVersion = 10.0.40219.1
Project("{FAE04EC0-301F-11D3-BF4B-00C04F79EFBC}") = "CursoFilaDio", "CursoFilaDio\CursoFilaDio.csproj", "{20ABCD2E-2BEE-496C-B4C1-EB291A239C73}"
EndProject
Global
	GlobalSection(SolutionConfigurationPlatforms) = preSolution
		Debug|Any CPU = Debug|Any CPU
		Release|Any CPU = Release|Any CPU
	EndGlobalSection
	GlobalSection(ProjectConfigurationPlatforms) = postSolution
		{20ABCD2E-2BEE-496C-B4C1-EB291A239C73}.Debug|Any CPU.ActiveCfg = Debug|Any CPU
		{20ABCD2E-2BEE-496C-B4C1-EB291A239C73}.Debug|Any CPU.Build.0 = Debug|Any CPU
		{20ABCD2E-2BEE-496C-B4C1-EB291A239C73}.Release|Any CPU.ActiveCfg = Release|Any CPU
		{20ABCD2E-2BEE-496C-B4C1-EB291A239C73}.Release|Any CPU.Build.0 = Release|Any CPU
	EndGlobalSection
	GlobalSection(SolutionProperties) = preSolution
		HideSolutionNode = FALSE
	EndGlobalSection
	GlobalSection(ExtensibilityGlobals) = postSolution
		SolutionGuid = {63172FEE-2571-4109-B271-270272F76E78}
	EndGlobalSection
EndGlobal
